{
  "name": "__WIZ_ARTIFACT_ID__",
  "version": "1.2.2",
  "lockfileVersion": 3,
  "requires": true,
  "packages": {
    "": {
      "name": "__WIZ_ARTIFACT_ID__",
      "version": "1.2.2",
      "engines": {
        "node": "^22.22.3 || ^24.15.0 || >=26.0.0",
        "npm": ">=8.0.0"
      }
    }
  }
}
