{
  "name": "__WIZ_ARTIFACT_ID__",
  "version": "1.1.0",
  "lockfileVersion": 3,
  "requires": true,
  "packages": {
    "": {
      "name": "__WIZ_ARTIFACT_ID__",
      "version": "1.1.0",
      "engines": {
        "node": "^22.22.3 || ^24.15.0 || ^26.0.0",
        "npm": ">=10.0.0"
      }
    }
  }
}
